
Microsoft Visual Studio Solution File, Format Version 12.00
# Visual Studio Version 16
VisualStudioVersion = 16.0.31424.327
MinimumVisualStudioVersion = 10.0.40219.1
Project("{9A19103F-16F7-4668-BE54-9A1E7A4F7556}") = "BOOP_03_01", "BOOP_03_01\BOOP_03_01.csproj", "{F23BA058-4DE2-40A2-A218-3BB40A5B3E2C}"
EndProject
Project("{9A19103F-16F7-4668-BE54-9A1E7A4F7556}") = "BOOP_03_02", "BOOP_03_02\BOOP_03_02.csproj", "{2D671FFB-8CEB-40FF-A58E-BC7F3BE0B0D5}"
EndProject
Project("{9A19103F-16F7-4668-BE54-9A1E7A4F7556}") = "BOOP_03_03", "BOOP_03_03\BOOP_03_03.csproj", "{08231494-D7C7-40BF-9102-0137703AF3B4}"
EndProject
Project("{9A19103F-16F7-4668-BE54-9A1E7A4F7556}") = "BOOP_03_04", "BOOP_03_04\BOOP_03_04.csproj", "{9B9761CF-7D4A-4FE4-8474-97A8DAAFE9BA}"
EndProject
Project("{9A19103F-16F7-4668-BE54-9A1E7A4F7556}") = "BOOP_03_05", "BOOP_03_05\BOOP_03_05.csproj", "{50812D0E-2FF9-4DCE-960C-CB61616278F0}"
EndProject
Project("{9A19103F-16F7-4668-BE54-9A1E7A4F7556}") = "BOOP_03_06", "BOOP_03_06\BOOP_03_06.csproj", "{7A714BA1-20A7-4299-BAE0-CE49C7B5CA52}"
EndProject
Project("{9A19103F-16F7-4668-BE54-9A1E7A4F7556}") = "BOOP_03_07", "BOOP_03_07\BOOP_03_07.csproj", "{C5C9B389-7BFA-405F-8FA1-27361EE2589B}"
EndProject
Project("{9A19103F-16F7-4668-BE54-9A1E7A4F7556}") = "BOOP_03_08", "BOOP_03_08\BOOP_03_08.csproj", "{38069429-D71D-4928-9704-084916C131B2}"
EndProject
Project("{9A19103F-16F7-4668-BE54-9A1E7A4F7556}") = "BOOP_03_09", "BOOP_03_09\BOOP_03_09.csproj", "{D9B4631C-8B8E-4919-B763-B9DB0569BE40}"
EndProject
Project("{9A19103F-16F7-4668-BE54-9A1E7A4F7556}") = "BOOP_03_10", "BOOP_03_10\BOOP_03_10.csproj", "{42D5C1D9-32B0-428B-9DA1-E456CDC5FEB4}"
EndProject
Project("{9A19103F-16F7-4668-BE54-9A1E7A4F7556}") = "BOOP_03_11", "BOOP_03_11\BOOP_03_11.csproj", "{814C11FD-B78D-495A-900A-4FD9F291C379}"
EndProject
Project("{9A19103F-16F7-4668-BE54-9A1E7A4F7556}") = "BOOP_03_12", "BOOP_03_12\BOOP_03_12.csproj", "{DFFA4B9A-9F93-4092-921A-D8C1BA6EAA3F}"
EndProject
Global
	GlobalSection(SolutionConfigurationPlatforms) = preSolution
		Debug|Any CPU = Debug|Any CPU
		Release|Any CPU = Release|Any CPU
	EndGlobalSection
	GlobalSection(ProjectConfigurationPlatforms) = postSolution
		{F23BA058-4DE2-40A2-A218-3BB40A5B3E2C}.Debug|Any CPU.ActiveCfg = Debug|Any CPU
		{F23BA058-4DE2-40A2-A218-3BB40A5B3E2C}.Debug|Any CPU.Build.0 = Debug|Any CPU
		{F23BA058-4DE2-40A2-A218-3BB40A5B3E2C}.Release|Any CPU.ActiveCfg = Release|Any CPU
		{F23BA058-4DE2-40A2-A218-3BB40A5B3E2C}.Release|Any CPU.Build.0 = Release|Any CPU
		{2D671FFB-8CEB-40FF-A58E-BC7F3BE0B0D5}.Debug|Any CPU.ActiveCfg = Debug|Any CPU
		{2D671FFB-8CEB-40FF-A58E-BC7F3BE0B0D5}.Debug|Any CPU.Build.0 = Debug|Any CPU
		{2D671FFB-8CEB-40FF-A58E-BC7F3BE0B0D5}.Release|Any CPU.ActiveCfg = Release|Any CPU
		{2D671FFB-8CEB-40FF-A58E-BC7F3BE0B0D5}.Release|Any CPU.Build.0 = Release|Any CPU
		{08231494-D7C7-40BF-9102-0137703AF3B4}.Debug|Any CPU.ActiveCfg = Debug|Any CPU
		{08231494-D7C7-40BF-9102-0137703AF3B4}.Debug|Any CPU.Build.0 = Debug|Any CPU
		{08231494-D7C7-40BF-9102-0137703AF3B4}.Release|Any CPU.ActiveCfg = Release|Any CPU
		{08231494-D7C7-40BF-9102-0137703AF3B4}.Release|Any CPU.Build.0 = Release|Any CPU
		{9B9761CF-7D4A-4FE4-8474-97A8DAAFE9BA}.Debug|Any CPU.ActiveCfg = Debug|Any CPU
		{9B9761CF-7D4A-4FE4-8474-97A8DAAFE9BA}.Debug|Any CPU.Build.0 = Debug|Any CPU
		{9B9761CF-7D4A-4FE4-8474-97A8DAAFE9BA}.Release|Any CPU.ActiveCfg = Release|Any CPU
		{9B9761CF-7D4A-4FE4-8474-97A8DAAFE9BA}.Release|Any CPU.Build.0 = Release|Any CPU
		{50812D0E-2FF9-4DCE-960C-CB61616278F0}.Debug|Any CPU.ActiveCfg = Debug|Any CPU
		{50812D0E-2FF9-4DCE-960C-CB61616278F0}.Debug|Any CPU.Build.0 = Debug|Any CPU
		{50812D0E-2FF9-4DCE-960C-CB61616278F0}.Release|Any CPU.ActiveCfg = Release|Any CPU
		{50812D0E-2FF9-4DCE-960C-CB61616278F0}.Release|Any CPU.Build.0 = Release|Any CPU
		{7A714BA1-20A7-4299-BAE0-CE49C7B5CA52}.Debug|Any CPU.ActiveCfg = Debug|Any CPU
		{7A714BA1-20A7-4299-BAE0-CE49C7B5CA52}.Debug|Any CPU.Build.0 = Debug|Any CPU
		{7A714BA1-20A7-4299-BAE0-CE49C7B5CA52}.Release|Any CPU.ActiveCfg = Release|Any CPU
		{7A714BA1-20A7-4299-BAE0-CE49C7B5CA52}.Release|Any CPU.Build.0 = Release|Any CPU
		{C5C9B389-7BFA-405F-8FA1-27361EE2589B}.Debug|Any CPU.ActiveCfg = Debug|Any CPU
		{C5C9B389-7BFA-405F-8FA1-27361EE2589B}.Debug|Any CPU.Build.0 = Debug|Any CPU
		{C5C9B389-7BFA-405F-8FA1-27361EE2589B}.Release|Any CPU.ActiveCfg = Release|Any CPU
		{C5C9B389-7BFA-405F-8FA1-27361EE2589B}.Release|Any CPU.Build.0 = Release|Any CPU
		{38069429-D71D-4928-9704-084916C131B2}.Debug|Any CPU.ActiveCfg = Debug|Any CPU
		{38069429-D71D-4928-9704-084916C131B2}.Debug|Any CPU.Build.0 = Debug|Any CPU
		{38069429-D71D-4928-9704-084916C131B2}.Release|Any CPU.ActiveCfg = Release|Any CPU
		{38069429-D71D-4928-9704-084916C131B2}.Release|Any CPU.Build.0 = Release|Any CPU
		{D9B4631C-8B8E-4919-B763-B9DB0569BE40}.Debug|Any CPU.ActiveCfg = Debug|Any CPU
		{D9B4631C-8B8E-4919-B763-B9DB0569BE40}.Debug|Any CPU.Build.0 = Debug|Any CPU
		{D9B4631C-8B8E-4919-B763-B9DB0569BE40}.Release|Any CPU.ActiveCfg = Release|Any CPU
		{D9B4631C-8B8E-4919-B763-B9DB0569BE40}.Release|Any CPU.Build.0 = Release|Any CPU
		{42D5C1D9-32B0-428B-9DA1-E456CDC5FEB4}.Debug|Any CPU.ActiveCfg = Debug|Any CPU
		{42D5C1D9-32B0-428B-9DA1-E456CDC5FEB4}.Debug|Any CPU.Build.0 = Debug|Any CPU
		{42D5C1D9-32B0-428B-9DA1-E456CDC5FEB4}.Release|Any CPU.ActiveCfg = Release|Any CPU
		{42D5C1D9-32B0-428B-9DA1-E456CDC5FEB4}.Release|Any CPU.Build.0 = Release|Any CPU
		{814C11FD-B78D-495A-900A-4FD9F291C379}.Debug|Any CPU.ActiveCfg = Debug|Any CPU
		{814C11FD-B78D-495A-900A-4FD9F291C379}.Debug|Any CPU.Build.0 = Debug|Any CPU
		{814C11FD-B78D-495A-900A-4FD9F291C379}.Release|Any CPU.ActiveCfg = Release|Any CPU
		{814C11FD-B78D-495A-900A-4FD9F291C379}.Release|Any CPU.Build.0 = Release|Any CPU
		{DFFA4B9A-9F93-4092-921A-D8C1BA6EAA3F}.Debug|Any CPU.ActiveCfg = Debug|Any CPU
		{DFFA4B9A-9F93-4092-921A-D8C1BA6EAA3F}.Debug|Any CPU.Build.0 = Debug|Any CPU
		{DFFA4B9A-9F93-4092-921A-D8C1BA6EAA3F}.Release|Any CPU.ActiveCfg = Release|Any CPU
		{DFFA4B9A-9F93-4092-921A-D8C1BA6EAA3F}.Release|Any CPU.Build.0 = Release|Any CPU
	EndGlobalSection
	GlobalSection(SolutionProperties) = preSolution
		HideSolutionNode = FALSE
	EndGlobalSection
	GlobalSection(ExtensibilityGlobals) = postSolution
		SolutionGuid = {7607FEF1-B23A-4591-97B0-AEA33B3F40E5}
	EndGlobalSection
EndGlobal
